// !$*UTF8*$!
{
	archiveVersion = 1;
	classes = {
	};
	objectVersion = 55;
	objects = {

/* Begin PBXBuildFile section */
		521C22582828FFDB00A24F3A /* AppDelegate.swift in Sources */ = {isa = PBXBuildFile; fileRef = 521C22572828FFDB00A24F3A /* AppDelegate.swift */; };
		521C225A2828FFDB00A24F3A /* SceneDelegate.swift in Sources */ = {isa = PBXBuildFile; fileRef = 521C22592828FFDB00A24F3A /* SceneDelegate.swift */; };
		521C225C2828FFDB00A24F3A /* HomeViewController.swift in Sources */ = {isa = PBXBuildFile; fileRef = 521C225B2828FFDB00A24F3A /* HomeViewController.swift */; };
		521C225F2828FFDB00A24F3A /* Main.storyboard in Resources */ = {isa = PBXBuildFile; fileRef = 521C225D2828FFDB00A24F3A /* Main.storyboard */; };
		521C22612828FFDD00A24F3A /* Assets.xcassets in Resources */ = {isa = PBXBuildFile; fileRef = 521C22602828FFDD00A24F3A /* Assets.xcassets */; };
		521C22642828FFDD00A24F3A /* LaunchScreen.storyboard in Resources */ = {isa = PBXBuildFile; fileRef = 521C22622828FFDD00A24F3A /* LaunchScreen.storyboard */; };
		521C226F2828FFDD00A24F3A /* InstagramTests.swift in Sources */ = {isa = PBXBuildFile; fileRef = 521C226E2828FFDD00A24F3A /* InstagramTests.swift */; };
		521C22792828FFDD00A24F3A /* InstagramUITests.swift in Sources */ = {isa = PBXBuildFile; fileRef = 521C22782828FFDD00A24F3A /* InstagramUITests.swift */; };
		521C227B2828FFDD00A24F3A /* InstagramUITestsLaunchTests.swift in Sources */ = {isa = PBXBuildFile; fileRef = 521C227A2828FFDD00A24F3A /* InstagramUITestsLaunchTests.swift */; };
		521C228D2829036F00A24F3A /* ExploreViewController.swift in Sources */ = {isa = PBXBuildFile; fileRef = 521C228C2829036F00A24F3A /* ExploreViewController.swift */; };
		521C228F2829039D00A24F3A /* CameraViewController.swift in Sources */ = {isa = PBXBuildFile; fileRef = 521C228E2829039D00A24F3A /* CameraViewController.swift */; };
		521C2291282903C700A24F3A /* NotificationViewController.swift in Sources */ = {isa = PBXBuildFile; fileRef = 521C2290282903C700A24F3A /* NotificationViewController.swift */; };
		521C22932829041600A24F3A /* ProfileViewController.swift in Sources */ = {isa = PBXBuildFile; fileRef = 521C22922829041600A24F3A /* ProfileViewController.swift */; };
		521C22982829048800A24F3A /* LoginViewController.swift in Sources */ = {isa = PBXBuildFile; fileRef = 521C22972829048800A24F3A /* LoginViewController.swift */; };
		521C229A282904A400A24F3A /* RegistrationViewController.swift in Sources */ = {isa = PBXBuildFile; fileRef = 521C2299282904A400A24F3A /* RegistrationViewController.swift */; };
		521C229D282904DD00A24F3A /* PostViewController.swift in Sources */ = {isa = PBXBuildFile; fileRef = 521C229C282904DD00A24F3A /* PostViewController.swift */; };
		521C229F2829050200A24F3A /* EditProfileViewController.swift in Sources */ = {isa = PBXBuildFile; fileRef = 521C229E2829050200A24F3A /* EditProfileViewController.swift */; };
		521C22A12829051600A24F3A /* SettingsViewController.swift in Sources */ = {isa = PBXBuildFile; fileRef = 521C22A02829051600A24F3A /* SettingsViewController.swift */; };
		521C22A32829053100A24F3A /* ListViewController.swift in Sources */ = {isa = PBXBuildFile; fileRef = 521C22A22829053100A24F3A /* ListViewController.swift */; };
		521C22A52829054A00A24F3A /* SearchViewController.swift in Sources */ = {isa = PBXBuildFile; fileRef = 521C22A42829054A00A24F3A /* SearchViewController.swift */; };
		521C22A72829056300A24F3A /* SearchResultViewController.swift in Sources */ = {isa = PBXBuildFile; fileRef = 521C22A62829056300A24F3A /* SearchResultViewController.swift */; };
		521C22A92829059000A24F3A /* PostEditorViewController.swift in Sources */ = {isa = PBXBuildFile; fileRef = 521C22A82829059000A24F3A /* PostEditorViewController.swift */; };
		521C22AB282905AA00A24F3A /* PublishPostViewController.swift in Sources */ = {isa = PBXBuildFile; fileRef = 521C22AA282905AA00A24F3A /* PublishPostViewController.swift */; };
/* End PBXBuildFile section */

/* Begin PBXContainerItemProxy section */
		521C226B2828FFDD00A24F3A /* PBXContainerItemProxy */ = {
			isa = PBXContainerItemProxy;
			containerPortal = 521C224C2828FFDB00A24F3A /* Project object */;
			proxyType = 1;
			remoteGlobalIDString = 521C22532828FFDB00A24F3A;
			remoteInfo = Instagram;
		};
		521C22752828FFDD00A24F3A /* PBXContainerItemProxy */ = {
			isa = PBXContainerItemProxy;
			containerPortal = 521C224C2828FFDB00A24F3A /* Project object */;
			proxyType = 1;
			remoteGlobalIDString = 521C22532828FFDB00A24F3A;
			remoteInfo = Instagram;
		};
/* End PBXContainerItemProxy section */

/* Begin PBXFileReference section */
		521C22542828FFDB00A24F3A /* Instagram.app */ = {isa = PBXFileReference; explicitFileType = wrapper.application; includeInIndex = 0; path = Instagram.app; sourceTree = BUILT_PRODUCTS_DIR; };
		521C22572828FFDB00A24F3A /* AppDelegate.swift */ = {isa = PBXFileReference; lastKnownFileType = sourcecode.swift; path = AppDelegate.swift; sourceTree = "<group>"; };
		521C22592828FFDB00A24F3A /* SceneDelegate.swift */ = {isa = PBXFileReference; lastKnownFileType = sourcecode.swift; path = SceneDelegate.swift; sourceTree = "<group>"; };
		521C225B2828FFDB00A24F3A /* HomeViewController.swift */ = {isa = PBXFileReference; lastKnownFileType = sourcecode.swift; path = HomeViewController.swift; sourceTree = "<group>"; };
		521C225E2828FFDB00A24F3A /* Base */ = {isa = PBXFileReference; lastKnownFileType = file.storyboard; name = Base; path = Base.lproj/Main.storyboard; sourceTree = "<group>"; };
		521C22602828FFDD00A24F3A /* Assets.xcassets */ = {isa = PBXFileReference; lastKnownFileType = folder.assetcatalog; path = Assets.xcassets; sourceTree = "<group>"; };
		521C22632828FFDD00A24F3A /* Base */ = {isa = PBXFileReference; lastKnownFileType = file.storyboard; name = Base; path = Base.lproj/LaunchScreen.storyboard; sourceTree = "<group>"; };
		521C22652828FFDD00A24F3A /* Info.plist */ = {isa = PBXFileReference; lastKnownFileType = text.plist.xml; path = Info.plist; sourceTree = "<group>"; };
		521C226A2828FFDD00A24F3A /* InstagramTests.xctest */ = {isa = PBXFileReference; explicitFileType = wrapper.cfbundle; includeInIndex = 0; path = InstagramTests.xctest; sourceTree = BUILT_PRODUCTS_DIR; };
		521C226E2828FFDD00A24F3A /* InstagramTests.swift */ = {isa = PBXFileReference; lastKnownFileType = sourcecode.swift; path = InstagramTests.swift; sourceTree = "<group>"; };
		521C22742828FFDD00A24F3A /* InstagramUITests.xctest */ = {isa = PBXFileReference; explicitFileType = wrapper.cfbundle; includeInIndex = 0; path = InstagramUITests.xctest; sourceTree = BUILT_PRODUCTS_DIR; };
		521C22782828FFDD00A24F3A /* InstagramUITests.swift */ = {isa = PBXFileReference; lastKnownFileType = sourcecode.swift; path = InstagramUITests.swift; sourceTree = "<group>"; };
		521C227A2828FFDD00A24F3A /* InstagramUITestsLaunchTests.swift */ = {isa = PBXFileReference; lastKnownFileType = sourcecode.swift; path = InstagramUITestsLaunchTests.swift; sourceTree = "<group>"; };
		521C228C2829036F00A24F3A /* ExploreViewController.swift */ = {isa = PBXFileReference; lastKnownFileType = sourcecode.swift; path = ExploreViewController.swift; sourceTree = "<group>"; };
		521C228E2829039D00A24F3A /* CameraViewController.swift */ = {isa = PBXFileReference; lastKnownFileType = sourcecode.swift; path = CameraViewController.swift; sourceTree = "<group>"; };
		521C2290282903C700A24F3A /* NotificationViewController.swift */ = {isa = PBXFileReference; lastKnownFileType = sourcecode.swift; path = NotificationViewController.swift; sourceTree = "<group>"; };
		521C22922829041600A24F3A /* ProfileViewController.swift */ = {isa = PBXFileReference; lastKnownFileType = sourcecode.swift; path = ProfileViewController.swift; sourceTree = "<group>"; };
		521C22972829048800A24F3A /* LoginViewController.swift */ = {isa = PBXFileReference; lastKnownFileType = sourcecode.swift; path = LoginViewController.swift; sourceTree = "<group>"; };
		521C2299282904A400A24F3A /* RegistrationViewController.swift */ = {isa = PBXFileReference; lastKnownFileType = sourcecode.swift; path = RegistrationViewController.swift; sourceTree = "<group>"; };
		521C229C282904DD00A24F3A /* PostViewController.swift */ = {isa = PBXFileReference; lastKnownFileType = sourcecode.swift; path = PostViewController.swift; sourceTree = "<group>"; };
		521C229E2829050200A24F3A /* EditProfileViewController.swift */ = {isa = PBXFileReference; lastKnownFileType = sourcecode.swift; path = EditProfileViewController.swift; sourceTree = "<group>"; };
		521C22A02829051600A24F3A /* SettingsViewController.swift */ = {isa = PBXFileReference; lastKnownFileType = sourcecode.swift; path = SettingsViewController.swift; sourceTree = "<group>"; };
		521C22A22829053100A24F3A /* ListViewController.swift */ = {isa = PBXFileReference; lastKnownFileType = sourcecode.swift; path = ListViewController.swift; sourceTree = "<group>"; };
		521C22A42829054A00A24F3A /* SearchViewController.swift */ = {isa = PBXFileReference; lastKnownFileType = sourcecode.swift; path = SearchViewController.swift; sourceTree = "<group>"; };
		521C22A62829056300A24F3A /* SearchResultViewController.swift */ = {isa = PBXFileReference; lastKnownFileType = sourcecode.swift; path = SearchResultViewController.swift; sourceTree = "<group>"; };
		521C22A82829059000A24F3A /* PostEditorViewController.swift */ = {isa = PBXFileReference; lastKnownFileType = sourcecode.swift; path = PostEditorViewController.swift; sourceTree = "<group>"; };
		521C22AA282905AA00A24F3A /* PublishPostViewController.swift */ = {isa = PBXFileReference; lastKnownFileType = sourcecode.swift; path = PublishPostViewController.swift; sourceTree = "<group>"; };
/* End PBXFileReference section */

/* Begin PBXFrameworksBuildPhase section */
		521C22512828FFDB00A24F3A /* Frameworks */ = {
			isa = PBXFrameworksBuildPhase;
			buildActionMask = 2147483647;
			files = (
			);
			runOnlyForDeploymentPostprocessing = 0;
		};
		521C22672828FFDD00A24F3A /* Frameworks */ = {
			isa = PBXFrameworksBuildPhase;
			buildActionMask = 2147483647;
			files = (
			);
			runOnlyForDeploymentPostprocessing = 0;
		};
		521C22712828FFDD00A24F3A /* Frameworks */ = {
			isa = PBXFrameworksBuildPhase;
			buildActionMask = 2147483647;
			files = (
			);
			runOnlyForDeploymentPostprocessing = 0;
		};
/* End PBXFrameworksBuildPhase section */

/* Begin PBXGroup section */
		521C224B2828FFDB00A24F3A = {
			isa = PBXGroup;
			children = (
				521C22562828FFDB00A24F3A /* Instagram */,
				521C226D2828FFDD00A24F3A /* InstagramTests */,
				521C22772828FFDD00A24F3A /* InstagramUITests */,
				521C22552828FFDB00A24F3A /* Products */,
			);
			sourceTree = "<group>";
		};
		521C22552828FFDB00A24F3A /* Products */ = {
			isa = PBXGroup;
			children = (
				521C22542828FFDB00A24F3A /* Instagram.app */,
				521C226A2828FFDD00A24F3A /* InstagramTests.xctest */,
				521C22742828FFDD00A24F3A /* InstagramUITests.xctest */,
			);
			name = Products;
			sourceTree = "<group>";
		};
		521C22562828FFDB00A24F3A /* Instagram */ = {
			isa = PBXGroup;
			children = (
				521C228A2829024200A24F3A /* Resources */,
				521C22892829023000A24F3A /* Models */,
				521C22882829003F00A24F3A /* Views */,
				521C22872829003700A24F3A /* Controllers */,
				521C22652828FFDD00A24F3A /* Info.plist */,
			);
			path = Instagram;
			sourceTree = "<group>";
		};
		521C226D2828FFDD00A24F3A /* InstagramTests */ = {
			isa = PBXGroup;
			children = (
				521C226E2828FFDD00A24F3A /* InstagramTests.swift */,
			);
			path = InstagramTests;
			sourceTree = "<group>";
		};
		521C22772828FFDD00A24F3A /* InstagramUITests */ = {
			isa = PBXGroup;
			children = (
				521C22782828FFDD00A24F3A /* InstagramUITests.swift */,
				521C227A2828FFDD00A24F3A /* InstagramUITestsLaunchTests.swift */,
			);
			path = InstagramUITests;
			sourceTree = "<group>";
		};
		521C22872829003700A24F3A /* Controllers */ = {
			isa = PBXGroup;
			children = (
				521C22962829046C00A24F3A /* Other */,
				521C22952829045900A24F3A /* CoreTabs */,
			);
			path = Controllers;
			sourceTree = "<group>";
		};
		521C22882829003F00A24F3A /* Views */ = {
			isa = PBXGroup;
			children = (
				521C228B282902A100A24F3A /* Storyboard */,
				521C22602828FFDD00A24F3A /* Assets.xcassets */,
			);
			path = Views;
			sourceTree = "<group>";
		};
		521C22892829023000A24F3A /* Models */ = {
			isa = PBXGroup;
			children = (
			);
			path = Models;
			sourceTree = "<group>";
		};
		521C228A2829024200A24F3A /* Resources */ = {
			isa = PBXGroup;
			children = (
				521C22572828FFDB00A24F3A /* AppDelegate.swift */,
				521C22592828FFDB00A24F3A /* SceneDelegate.swift */,
			);
			path = Resources;
			sourceTree = "<group>";
		};
		521C228B282902A100A24F3A /* Storyboard */ = {
			isa = PBXGroup;
			children = (
				521C22622828FFDD00A24F3A /* LaunchScreen.storyboard */,
				521C225D2828FFDB00A24F3A /* Main.storyboard */,
			);
			path = Storyboard;
			sourceTree = "<group>";
		};
		521C22952829045900A24F3A /* CoreTabs */ = {
			isa = PBXGroup;
			children = (
				521C228C2829036F00A24F3A /* ExploreViewController.swift */,
				521C228E2829039D00A24F3A /* CameraViewController.swift */,
				521C2290282903C700A24F3A /* NotificationViewController.swift */,
				521C22922829041600A24F3A /* ProfileViewController.swift */,
				521C225B2828FFDB00A24F3A /* HomeViewController.swift */,
			);
			path = CoreTabs;
			sourceTree = "<group>";
		};
		521C22962829046C00A24F3A /* Other */ = {
			isa = PBXGroup;
			children = (
				521C229B282904BE00A24F3A /* Onboarding */,
				521C229C282904DD00A24F3A /* PostViewController.swift */,
				521C229E2829050200A24F3A /* EditProfileViewController.swift */,
				521C22A02829051600A24F3A /* SettingsViewController.swift */,
				521C22A22829053100A24F3A /* ListViewController.swift */,
				521C22A42829054A00A24F3A /* SearchViewController.swift */,
				521C22A62829056300A24F3A /* SearchResultViewController.swift */,
				521C22A82829059000A24F3A /* PostEditorViewController.swift */,
				521C22AA282905AA00A24F3A /* PublishPostViewController.swift */,
			);
			path = Other;
			sourceTree = "<group>";
		};
		521C229B282904BE00A24F3A /* Onboarding */ = {
			isa = PBXGroup;
			children = (
				521C2299282904A400A24F3A /* RegistrationViewController.swift */,
				521C22972829048800A24F3A /* LoginViewController.swift */,
			);
			path = Onboarding;
			sourceTree = "<group>";
		};
/* End PBXGroup section */

/* Begin PBXNativeTarget section */
		521C22532828FFDB00A24F3A /* Instagram */ = {
			isa = PBXNativeTarget;
			buildConfigurationList = 521C227E2828FFDD00A24F3A /* Build configuration list for PBXNativeTarget "Instagram" */;
			buildPhases = (
				521C22502828FFDB00A24F3A /* Sources */,
				521C22512828FFDB00A24F3A /* Frameworks */,
				521C22522828FFDB00A24F3A /* Resources */,
			);
			buildRules = (
			);
			dependencies = (
			);
			name = Instagram;
			productName = Instagram;
			productReference = 521C22542828FFDB00A24F3A /* Instagram.app */;
			productType = "com.apple.product-type.application";
		};
		521C22692828FFDD00A24F3A /* InstagramTests */ = {
			isa = PBXNativeTarget;
			buildConfigurationList = 521C22812828FFDD00A24F3A /* Build configuration list for PBXNativeTarget "InstagramTests" */;
			buildPhases = (
				521C22662828FFDD00A24F3A /* Sources */,
				521C22672828FFDD00A24F3A /* Frameworks */,
				521C22682828FFDD00A24F3A /* Resources */,
			);
			buildRules = (
			);
			dependencies = (
				521C226C2828FFDD00A24F3A /* PBXTargetDependency */,
			);
			name = InstagramTests;
			productName = InstagramTests;
			productReference = 521C226A2828FFDD00A24F3A /* InstagramTests.xctest */;
			productType = "com.apple.product-type.bundle.unit-test";
		};
		521C22732828FFDD00A24F3A /* InstagramUITests */ = {
			isa = PBXNativeTarget;
			buildConfigurationList = 521C22842828FFDD00A24F3A /* Build configuration list for PBXNativeTarget "InstagramUITests" */;
			buildPhases = (
				521C22702828FFDD00A24F3A /* Sources */,
				521C22712828FFDD00A24F3A /* Frameworks */,
				521C22722828FFDD00A24F3A /* Resources */,
			);
			buildRules = (
			);
			dependencies = (
				521C22762828FFDD00A24F3A /* PBXTargetDependency */,
			);
			name = InstagramUITests;
			productName = InstagramUITests;
			productReference = 521C22742828FFDD00A24F3A /* InstagramUITests.xctest */;
			productType = "com.apple.product-type.bundle.ui-testing";
		};
/* End PBXNativeTarget section */

/* Begin PBXProject section */
		521C224C2828FFDB00A24F3A /* Project object */ = {
			isa = PBXProject;
			attributes = {
				BuildIndependentTargetsInParallel = 1;
				LastSwiftUpdateCheck = 1330;
				LastUpgradeCheck = 1330;
				TargetAttributes = {
					521C22532828FFDB00A24F3A = {
						CreatedOnToolsVersion = 13.3.1;
					};
					521C22692828FFDD00A24F3A = {
						CreatedOnToolsVersion = 13.3.1;
						TestTargetID = 521C22532828FFDB00A24F3A;
					};
					521C22732828FFDD00A24F3A = {
						CreatedOnToolsVersion = 13.3.1;
						TestTargetID = 521C22532828FFDB00A24F3A;
					};
				};
			};
			buildConfigurationList = 521C224F2828FFDB00A24F3A /* Build configuration list for PBXProject "Instagram" */;
			compatibilityVersion = "Xcode 13.0";
			developmentRegion = en;
			hasScannedForEncodings = 0;
			knownRegions = (
				en,
				Base,
			);
			mainGroup = 521C224B2828FFDB00A24F3A;
			productRefGroup = 521C22552828FFDB00A24F3A /* Products */;
			projectDirPath = "";
			projectRoot = "";
			targets = (
				521C22532828FFDB00A24F3A /* Instagram */,
				521C22692828FFDD00A24F3A /* InstagramTests */,
				521C22732828FFDD00A24F3A /* InstagramUITests */,
			);
		};
/* End PBXProject section */

/* Begin PBXResourcesBuildPhase section */
		521C22522828FFDB00A24F3A /* Resources */ = {
			isa = PBXResourcesBuildPhase;
			buildActionMask = 2147483647;
			files = (
				521C22642828FFDD00A24F3A /* LaunchScreen.storyboard in Resources */,
				521C22612828FFDD00A24F3A /* Assets.xcassets in Resources */,
				521C225F2828FFDB00A24F3A /* Main.storyboard in Resources */,
			);
			runOnlyForDeploymentPostprocessing = 0;
		};
		521C22682828FFDD00A24F3A /* Resources */ = {
			isa = PBXResourcesBuildPhase;
			buildActionMask = 2147483647;
			files = (
			);
			runOnlyForDeploymentPostprocessing = 0;
		};
		521C22722828FFDD00A24F3A /* Resources */ = {
			isa = PBXResourcesBuildPhase;
			buildActionMask = 2147483647;
			files = (
			);
			runOnlyForDeploymentPostprocessing = 0;
		};
/* End PBXResourcesBuildPhase section */

/* Begin PBXSourcesBuildPhase section */
		521C22502828FFDB00A24F3A /* Sources */ = {
			isa = PBXSourcesBuildPhase;
			buildActionMask = 2147483647;
			files = (
				521C229F2829050200A24F3A /* EditProfileViewController.swift in Sources */,
				521C228D2829036F00A24F3A /* ExploreViewController.swift in Sources */,
				521C22AB282905AA00A24F3A /* PublishPostViewController.swift in Sources */,
				521C228F2829039D00A24F3A /* CameraViewController.swift in Sources */,
				521C2291282903C700A24F3A /* NotificationViewController.swift in Sources */,
				521C229A282904A400A24F3A /* RegistrationViewController.swift in Sources */,
				521C22A92829059000A24F3A /* PostEditorViewController.swift in Sources */,
				521C229D282904DD00A24F3A /* PostViewController.swift in Sources */,
				521C225C2828FFDB00A24F3A /* HomeViewController.swift in Sources */,
				521C22A72829056300A24F3A /* SearchResultViewController.swift in Sources */,
				521C22982829048800A24F3A /* LoginViewController.swift in Sources */,
				521C22A52829054A00A24F3A /* SearchViewController.swift in Sources */,
				521C22932829041600A24F3A /* ProfileViewController.swift in Sources */,
				521C22582828FFDB00A24F3A /* AppDelegate.swift in Sources */,
				521C225A2828FFDB00A24F3A /* SceneDelegate.swift in Sources */,
				521C22A32829053100A24F3A /* ListViewController.swift in Sources */,
				521C22A12829051600A24F3A /* SettingsViewController.swift in Sources */,
			);
			runOnlyForDeploymentPostprocessing = 0;
		};
		521C22662828FFDD00A24F3A /* Sources */ = {
			isa = PBXSourcesBuildPhase;
			buildActionMask = 2147483647;
			files = (
				521C226F2828FFDD00A24F3A /* InstagramTests.swift in Sources */,
			);
			runOnlyForDeploymentPostprocessing = 0;
		};
		521C22702828FFDD00A24F3A /* Sources */ = {
			isa = PBXSourcesBuildPhase;
			buildActionMask = 2147483647;
			files = (
				521C22792828FFDD00A24F3A /* InstagramUITests.swift in Sources */,
				521C227B2828FFDD00A24F3A /* InstagramUITestsLaunchTests.swift in Sources */,
			);
			runOnlyForDeploymentPostprocessing = 0;
		};
/* End PBXSourcesBuildPhase section */

/* Begin PBXTargetDependency section */
		521C226C2828FFDD00A24F3A /* PBXTargetDependency */ = {
			isa = PBXTargetDependency;
			target = 521C22532828FFDB00A24F3A /* Instagram */;
			targetProxy = 521C226B2828FFDD00A24F3A /* PBXContainerItemProxy */;
		};
		521C22762828FFDD00A24F3A /* PBXTargetDependency */ = {
			isa = PBXTargetDependency;
			target = 521C22532828FFDB00A24F3A /* Instagram */;
			targetProxy = 521C22752828FFDD00A24F3A /* PBXContainerItemProxy */;
		};
/* End PBXTargetDependency section */

/* Begin PBXVariantGroup section */
		521C225D2828FFDB00A24F3A /* Main.storyboard */ = {
			isa = PBXVariantGroup;
			children = (
				521C225E2828FFDB00A24F3A /* Base */,
			);
			name = Main.storyboard;
			sourceTree = "<group>";
		};
		521C22622828FFDD00A24F3A /* LaunchScreen.storyboard */ = {
			isa = PBXVariantGroup;
			children = (
				521C22632828FFDD00A24F3A /* Base */,
			);
			name = LaunchScreen.storyboard;
			sourceTree = "<group>";
		};
/* End PBXVariantGroup section */

/* Begin XCBuildConfiguration section */
		521C227C2828FFDD00A24F3A /* Debug */ = {
			isa = XCBuildConfiguration;
			buildSettings = {
				ALWAYS_SEARCH_USER_PATHS = NO;
				CLANG_ANALYZER_NONNULL = YES;
				CLANG_ANALYZER_NUMBER_OBJECT_CONVERSION = YES_AGGRESSIVE;
				CLANG_CXX_LANGUAGE_STANDARD = "gnu++17";
				CLANG_ENABLE_MODULES = YES;
				CLANG_ENABLE_OBJC_ARC = YES;
				CLANG_ENABLE_OBJC_WEAK = YES;
				CLANG_WARN_BLOCK_CAPTURE_AUTORELEASING = YES;
				CLANG_WARN_BOOL_CONVERSION = YES;
				CLANG_WARN_COMMA = YES;
				CLANG_WARN_CONSTANT_CONVERSION = YES;
				CLANG_WARN_DEPRECATED_OBJC_IMPLEMENTATIONS = YES;
				CLANG_WARN_DIRECT_OBJC_ISA_USAGE = YES_ERROR;
				CLANG_WARN_DOCUMENTATION_COMMENTS = YES;
				CLANG_WARN_EMPTY_BODY = YES;
				CLANG_WARN_ENUM_CONVERSION = YES;
				CLANG_WARN_INFINITE_RECURSION = YES;
				CLANG_WARN_INT_CONVERSION = YES;
				CLANG_WARN_NON_LITERAL_NULL_CONVERSION = YES;
				CLANG_WARN_OBJC_IMPLICIT_RETAIN_SELF = YES;
				CLANG_WARN_OBJC_LITERAL_CONVERSION = YES;
				CLANG_WARN_OBJC_ROOT_CLASS = YES_ERROR;
				CLANG_WARN_QUOTED_INCLUDE_IN_FRAMEWORK_HEADER = YES;
				CLANG_WARN_RANGE_LOOP_ANALYSIS = YES;
				CLANG_WARN_STRICT_PROTOTYPES = YES;
				CLANG_WARN_SUSPICIOUS_MOVE = YES;
				CLANG_WARN_UNGUARDED_AVAILABILITY = YES_AGGRESSIVE;
				CLANG_WARN_UNREACHABLE_CODE = YES;
				CLANG_WARN__DUPLICATE_METHOD_MATCH = YES;
				COPY_PHASE_STRIP = NO;
				DEBUG_INFORMATION_FORMAT = dwarf;
				ENABLE_STRICT_OBJC_MSGSEND = YES;
				ENABLE_TESTABILITY = YES;
				GCC_C_LANGUAGE_STANDARD = gnu11;
				GCC_DYNAMIC_NO_PIC = NO;
				GCC_NO_COMMON_BLOCKS = YES;
				GCC_OPTIMIZATION_LEVEL = 0;
				GCC_PREPROCESSOR_DEFINITIONS = (
					"DEBUG=1",
					"$(inherited)",
				);
				GCC_WARN_64_TO_32_BIT_CONVERSION = YES;
				GCC_WARN_ABOUT_RETURN_TYPE = YES_ERROR;
				GCC_WARN_UNDECLARED_SELECTOR = YES;
				GCC_WARN_UNINITIALIZED_AUTOS = YES_AGGRESSIVE;
				GCC_WARN_UNUSED_FUNCTION = YES;
				GCC_WARN_UNUSED_VARIABLE = YES;
				IPHONEOS_DEPLOYMENT_TARGET = 15.4;
				MTL_ENABLE_DEBUG_INFO = INCLUDE_SOURCE;
				MTL_FAST_MATH = YES;
				ONLY_ACTIVE_ARCH = YES;
				SDKROOT = iphoneos;
				SWIFT_ACTIVE_COMPILATION_CONDITIONS = DEBUG;
				SWIFT_OPTIMIZATION_LEVEL = "-Onone";
			};
			name = Debug;
		};
		521C227D2828FFDD00A24F3A /* Release */ = {
			isa = XCBuildConfiguration;
			buildSettings = {
				ALWAYS_SEARCH_USER_PATHS = NO;
				CLANG_ANALYZER_NONNULL = YES;
				CLANG_ANALYZER_NUMBER_OBJECT_CONVERSION = YES_AGGRESSIVE;
				CLANG_CXX_LANGUAGE_STANDARD = "gnu++17";
				CLANG_ENABLE_MODULES = YES;
				CLANG_ENABLE_OBJC_ARC = YES;
				CLANG_ENABLE_OBJC_WEAK = YES;
				CLANG_WARN_BLOCK_CAPTURE_AUTORELEASING = YES;
				CLANG_WARN_BOOL_CONVERSION = YES;
				CLANG_WARN_COMMA = YES;
				CLANG_WARN_CONSTANT_CONVERSION = YES;
				CLANG_WARN_DEPRECATED_OBJC_IMPLEMENTATIONS = YES;
				CLANG_WARN_DIRECT_OBJC_ISA_USAGE = YES_ERROR;
				CLANG_WARN_DOCUMENTATION_COMMENTS = YES;
				CLANG_WARN_EMPTY_BODY = YES;
				CLANG_WARN_ENUM_CONVERSION = YES;
				CLANG_WARN_INFINITE_RECURSION = YES;
				CLANG_WARN_INT_CONVERSION = YES;
				CLANG_WARN_NON_LITERAL_NULL_CONVERSION = YES;
				CLANG_WARN_OBJC_IMPLICIT_RETAIN_SELF = YES;
				CLANG_WARN_OBJC_LITERAL_CONVERSION = YES;
				CLANG_WARN_OBJC_ROOT_CLASS = YES_ERROR;
				CLANG_WARN_QUOTED_INCLUDE_IN_FRAMEWORK_HEADER = YES;
				CLANG_WARN_RANGE_LOOP_ANALYSIS = YES;
				CLANG_WARN_STRICT_PROTOTYPES = YES;
				CLANG_WARN_SUSPICIOUS_MOVE = YES;
				CLANG_WARN_UNGUARDED_AVAILABILITY = YES_AGGRESSIVE;
				CLANG_WARN_UNREACHABLE_CODE = YES;
				CLANG_WARN__DUPLICATE_METHOD_MATCH = YES;
				COPY_PHASE_STRIP = NO;
				DEBUG_INFORMATION_FORMAT = "dwarf-with-dsym";
				ENABLE_NS_ASSERTIONS = NO;
				ENABLE_STRICT_OBJC_MSGSEND = YES;
				GCC_C_LANGUAGE_STANDARD = gnu11;
				GCC_NO_COMMON_BLOCKS = YES;
				GCC_WARN_64_TO_32_BIT_CONVERSION = YES;
				GCC_WARN_ABOUT_RETURN_TYPE = YES_ERROR;
				GCC_WARN_UNDECLARED_SELECTOR = YES;
				GCC_WARN_UNINITIALIZED_AUTOS = YES_AGGRESSIVE;
				GCC_WARN_UNUSED_FUNCTION = YES;
				GCC_WARN_UNUSED_VARIABLE = YES;
				IPHONEOS_DEPLOYMENT_TARGET = 15.4;
				MTL_ENABLE_DEBUG_INFO = NO;
				MTL_FAST_MATH = YES;
				SDKROOT = iphoneos;
				SWIFT_COMPILATION_MODE = wholemodule;
				SWIFT_OPTIMIZATION_LEVEL = "-O";
				VALIDATE_PRODUCT = YES;
			};
			name = Release;
		};
		521C227F2828FFDD00A24F3A /* Debug */ = {
			isa = XCBuildConfiguration;
			buildSettings = {
				ASSETCATALOG_COMPILER_APPICON_NAME = AppIcon;
				ASSETCATALOG_COMPILER_GLOBAL_ACCENT_COLOR_NAME = AccentColor;
				CODE_SIGN_STYLE = Automatic;
				CURRENT_PROJECT_VERSION = 1;
				DEVELOPMENT_TEAM = X9FS74QL6K;
				GENERATE_INFOPLIST_FILE = YES;
				INFOPLIST_FILE = Instagram/Info.plist;
				INFOPLIST_KEY_UIApplicationSupportsIndirectInputEvents = YES;
				INFOPLIST_KEY_UILaunchStoryboardName = LaunchScreen;
				INFOPLIST_KEY_UIMainStoryboardFile = Main;
				INFOPLIST_KEY_UISupportedInterfaceOrientations_iPad = "UIInterfaceOrientationPortrait UIInterfaceOrientationPortraitUpsideDown UIInterfaceOrientationLandscapeLeft UIInterfaceOrientationLandscapeRight";
				INFOPLIST_KEY_UISupportedInterfaceOrientations_iPhone = "UIInterfaceOrientationPortrait UIInterfaceOrientationLandscapeLeft UIInterfaceOrientationLandscapeRight";
				LD_RUNPATH_SEARCH_PATHS = (
					"$(inherited)",
					"@executable_path/Frameworks",
				);
				MARKETING_VERSION = 1.0;
				PRODUCT_BUNDLE_IDENTIFIER = com.swift.Instagram;
				PRODUCT_NAME = "$(TARGET_NAME)";
				SWIFT_EMIT_LOC_STRINGS = YES;
				SWIFT_VERSION = 5.0;
				TARGETED_DEVICE_FAMILY = "1,2";
			};
			name = Debug;
		};
		521C22802828FFDD00A24F3A /* Release */ = {
			isa = XCBuildConfiguration;
			buildSettings = {
				ASSETCATALOG_COMPILER_APPICON_NAME = AppIcon;
				ASSETCATALOG_COMPILER_GLOBAL_ACCENT_COLOR_NAME = AccentColor;
				CODE_SIGN_STYLE = Automatic;
				CURRENT_PROJECT_VERSION = 1;
				DEVELOPMENT_TEAM = X9FS74QL6K;
				GENERATE_INFOPLIST_FILE = YES;
				INFOPLIST_FILE = Instagram/Info.plist;
				INFOPLIST_KEY_UIApplicationSupportsIndirectInputEvents = YES;
				INFOPLIST_KEY_UILaunchStoryboardName = LaunchScreen;
				INFOPLIST_KEY_UIMainStoryboardFile = Main;
				INFOPLIST_KEY_UISupportedInterfaceOrientations_iPad = "UIInterfaceOrientationPortrait UIInterfaceOrientationPortraitUpsideDown UIInterfaceOrientationLandscapeLeft UIInterfaceOrientationLandscapeRight";
				INFOPLIST_KEY_UISupportedInterfaceOrientations_iPhone = "UIInterfaceOrientationPortrait UIInterfaceOrientationLandscapeLeft UIInterfaceOrientationLandscapeRight";
				LD_RUNPATH_SEARCH_PATHS = (
					"$(inherited)",
					"@executable_path/Frameworks",
				);
				MARKETING_VERSION = 1.0;
				PRODUCT_BUNDLE_IDENTIFIER = com.swift.Instagram;
				PRODUCT_NAME = "$(TARGET_NAME)";
				SWIFT_EMIT_LOC_STRINGS = YES;
				SWIFT_VERSION = 5.0;
				TARGETED_DEVICE_FAMILY = "1,2";
			};
			name = Release;
		};
		521C22822828FFDD00A24F3A /* Debug */ = {
			isa = XCBuildConfiguration;
			buildSettings = {
				ALWAYS_EMBED_SWIFT_STANDARD_LIBRARIES = YES;
				BUNDLE_LOADER = "$(TEST_HOST)";
				CODE_SIGN_STYLE = Automatic;
				CURRENT_PROJECT_VERSION = 1;
				DEVELOPMENT_TEAM = X9FS74QL6K;
				GENERATE_INFOPLIST_FILE = YES;
				IPHONEOS_DEPLOYMENT_TARGET = 15.4;
				MARKETING_VERSION = 1.0;
				PRODUCT_BUNDLE_IDENTIFIER = com.swift.InstagramTests;
				PRODUCT_NAME = "$(TARGET_NAME)";
				SWIFT_EMIT_LOC_STRINGS = NO;
				SWIFT_VERSION = 5.0;
				TARGETED_DEVICE_FAMILY = "1,2";
				TEST_HOST = "$(BUILT_PRODUCTS_DIR)/Instagram.app/Instagram";
			};
			name = Debug;
		};
		521C22832828FFDD00A24F3A /* Release */ = {
			isa = XCBuildConfiguration;
			buildSettings = {
				ALWAYS_EMBED_SWIFT_STANDARD_LIBRARIES = YES;
				BUNDLE_LOADER = "$(TEST_HOST)";
				CODE_SIGN_STYLE = Automatic;
				CURRENT_PROJECT_VERSION = 1;
				DEVELOPMENT_TEAM = X9FS74QL6K;
				GENERATE_INFOPLIST_FILE = YES;
				IPHONEOS_DEPLOYMENT_TARGET = 15.4;
				MARKETING_VERSION = 1.0;
				PRODUCT_BUNDLE_IDENTIFIER = com.swift.InstagramTests;
				PRODUCT_NAME = "$(TARGET_NAME)";
				SWIFT_EMIT_LOC_STRINGS = NO;
				SWIFT_VERSION = 5.0;
				TARGETED_DEVICE_FAMILY = "1,2";
				TEST_HOST = "$(BUILT_PRODUCTS_DIR)/Instagram.app/Instagram";
			};
			name = Release;
		};
		521C22852828FFDD00A24F3A /* Debug */ = {
			isa = XCBuildConfiguration;
			buildSettings = {
				ALWAYS_EMBED_SWIFT_STANDARD_LIBRARIES = YES;
				CODE_SIGN_STYLE = Automatic;
				CURRENT_PROJECT_VERSION = 1;
				DEVELOPMENT_TEAM = X9FS74QL6K;
				GENERATE_INFOPLIST_FILE = YES;
				MARKETING_VERSION = 1.0;
				PRODUCT_BUNDLE_IDENTIFIER = com.swift.InstagramUITests;
				PRODUCT_NAME = "$(TARGET_NAME)";
				SWIFT_EMIT_LOC_STRINGS = NO;
				SWIFT_VERSION = 5.0;
				TARGETED_DEVICE_FAMILY = "1,2";
				TEST_TARGET_NAME = Instagram;
			};
			name = Debug;
		};
		521C22862828FFDD00A24F3A /* Release */ = {
			isa = XCBuildConfiguration;
			buildSettings = {
				ALWAYS_EMBED_SWIFT_STANDARD_LIBRARIES = YES;
				CODE_SIGN_STYLE = Automatic;
				CURRENT_PROJECT_VERSION = 1;
				DEVELOPMENT_TEAM = X9FS74QL6K;
				GENERATE_INFOPLIST_FILE = YES;
				MARKETING_VERSION = 1.0;
				PRODUCT_BUNDLE_IDENTIFIER = com.swift.InstagramUITests;
				PRODUCT_NAME = "$(TARGET_NAME)";
				SWIFT_EMIT_LOC_STRINGS = NO;
				SWIFT_VERSION = 5.0;
				TARGETED_DEVICE_FAMILY = "1,2";
				TEST_TARGET_NAME = Instagram;
			};
			name = Release;
		};
/* End XCBuildConfiguration section */

/* Begin XCConfigurationList section */
		521C224F2828FFDB00A24F3A /* Build configuration list for PBXProject "Instagram" */ = {
			isa = XCConfigurationList;
			buildConfigurations = (
				521C227C2828FFDD00A24F3A /* Debug */,
				521C227D2828FFDD00A24F3A /* Release */,
			);
			defaultConfigurationIsVisible = 0;
			defaultConfigurationName = Release;
		};
		521C227E2828FFDD00A24F3A /* Build configuration list for PBXNativeTarget "Instagram" */ = {
			isa = XCConfigurationList;
			buildConfigurations = (
				521C227F2828FFDD00A24F3A /* Debug */,
				521C22802828FFDD00A24F3A /* Release */,
			);
			defaultConfigurationIsVisible = 0;
			defaultConfigurationName = Release;
		};
		521C22812828FFDD00A24F3A /* Build configuration list for PBXNativeTarget "InstagramTests" */ = {
			isa = XCConfigurationList;
			buildConfigurations = (
				521C22822828FFDD00A24F3A /* Debug */,
				521C22832828FFDD00A24F3A /* Release */,
			);
			defaultConfigurationIsVisible = 0;
			defaultConfigurationName = Release;
		};
		521C22842828FFDD00A24F3A /* Build configuration list for PBXNativeTarget "InstagramUITests" */ = {
			isa = XCConfigurationList;
			buildConfigurations = (
				521C22852828FFDD00A24F3A /* Debug */,
				521C22862828FFDD00A24F3A /* Release */,
			);
			defaultConfigurationIsVisible = 0;
			defaultConfigurationName = Release;
		};
/* End XCConfigurationList section */
	};
	rootObject = 521C224C2828FFDB00A24F3A /* Project object */;
}
